
Microsoft Visual Studio Solution File, Format Version 12.00
# Visual Studio Version 17
VisualStudioVersion = 17.11.35208.52
MinimumVisualStudioVersion = 10.0.40219.1
Project("{FAE04EC0-301F-11D3-BF4B-00C04F79EFBC}") = "Practico1", "Practico1\Practico1.csproj", "{91599160-B83E-4694-9DA8-0EAF304248F2}"
EndProject
Global
	GlobalSection(SolutionConfigurationPlatforms) = preSolution
		Debug|Any CPU = Debug|Any CPU
		Release|Any CPU = Release|Any CPU
	EndGlobalSection
	GlobalSection(ProjectConfigurationPlatforms) = postSolution
		{91599160-B83E-4694-9DA8-0EAF304248F2}.Debug|Any CPU.ActiveCfg = Debug|Any CPU
		{91599160-B83E-4694-9DA8-0EAF304248F2}.Debug|Any CPU.Build.0 = Debug|Any CPU
		{91599160-B83E-4694-9DA8-0EAF304248F2}.Release|Any CPU.ActiveCfg = Release|Any CPU
		{91599160-B83E-4694-9DA8-0EAF304248F2}.Release|Any CPU.Build.0 = Release|Any CPU
	EndGlobalSection
	GlobalSection(SolutionProperties) = preSolution
		HideSolutionNode = FALSE
	EndGlobalSection
	GlobalSection(ExtensibilityGlobals) = postSolution
		SolutionGuid = {1C0A8E09-F3B8-4EC9-B682-80ABCECE2F54}
	EndGlobalSection
EndGlobal
